
Microsoft Visual Studio Solution File, Format Version 12.00
# Visual Studio Version 17
VisualStudioVersion = 17.0.32112.339
MinimumVisualStudioVersion = 10.0.40219.1
Project("{2150E333-8FDC-42A3-9474-1A3956D46DE8}") = "Services", "Services", "{AD38372F-7AFB-4F7A-BC6E-042A321B8EA8}"
EndProject
Project("{2150E333-8FDC-42A3-9474-1A3956D46DE8}") = "Commons", "Commons", "{3CB80A2A-AFCA-4793-BF68-DD77C8F24D44}"
EndProject
Project("{2150E333-8FDC-42A3-9474-1A3956D46DE8}") = "Models", "Models", "{CE159541-6753-4927-8909-6161E8E9F7C5}"
EndProject
Project("{9A19103F-16F7-4668-BE54-9A1E7A4F7556}") = "Swagger.UI", "Commons\Swagger.UI\Swagger.UI.csproj", "{299453DC-E607-4815-B4F2-47464461C479}"
EndProject
Project("{9A19103F-16F7-4668-BE54-9A1E7A4F7556}") = "FreeSql.Core", "Commons\Data.FreeSql\FreeSql.Core.csproj", "{540BA6BC-F6FC-4646-9F9C-E24156E050A4}"
EndProject
Project("{9A19103F-16F7-4668-BE54-9A1E7A4F7556}") = "Credit.UserModels", "Models\Credit.UserModels\Credit.UserModels.csproj", "{95A6A395-3657-4AFB-B3E5-6A9834F9DAB5}"
EndProject
Project("{9A19103F-16F7-4668-BE54-9A1E7A4F7556}") = "Credit.UserServices", "Services\Credit.UserServices\Credit.UserServices.csproj", "{3D789134-F128-4102-8EBC-C5514DF5AA06}"
EndProject
Project("{9A19103F-16F7-4668-BE54-9A1E7A4F7556}") = "Credit.Api", "Credit.Api\Credit.Api.csproj", "{CE755480-3F2A-4290-B851-34E7AE35B7A2}"
EndProject
Project("{9A19103F-16F7-4668-BE54-9A1E7A4F7556}") = "Data.Core", "Commons\Data.Core\Data.Core.csproj", "{94E62E16-583F-4E7F-B966-5F9B30BC9F50}"
EndProject
Project("{FAE04EC0-301F-11D3-BF4B-00C04F79EFBC}") = "Data.Commons", "Commons\Data.Commons\Data.Commons.csproj", "{CB906D20-00C4-4683-9291-E3E4F1A98246}"
EndProject
Project("{FAE04EC0-301F-11D3-BF4B-00C04F79EFBC}") = "Credit.PamentInfoModels", "Models\Credit.PamentInfoModels\Credit.PamentInfoModels.csproj", "{1F7EE252-2EB8-4BFC-AA9C-3E8B93975D07}"
EndProject
Project("{FAE04EC0-301F-11D3-BF4B-00C04F79EFBC}") = "Credit.PayeeInfoModels", "Models\Credit.PayeeInfoModels\Credit.PayeeInfoModels.csproj", "{2CDACF3B-8371-4BBB-94E5-80481F695E18}"
EndProject
Project("{FAE04EC0-301F-11D3-BF4B-00C04F79EFBC}") = "Credit.BankModels", "Models\Credit.BankModels\Credit.BankModels.csproj", "{13278EA7-21C6-4547-9E40-56AAAE739C8B}"
EndProject
Project("{FAE04EC0-301F-11D3-BF4B-00C04F79EFBC}") = "Credit.BankServices", "Services\Credit.BankServices\Credit.BankServices.csproj", "{70464718-A44C-4458-849E-0DF9BE22AF33}"
EndProject
Project("{FAE04EC0-301F-11D3-BF4B-00C04F79EFBC}") = "Credit.PayeeBankCardServices", "Services\Credit.PayeeBankCardServices\Credit.PayeeBankCardServices.csproj", "{C3A036D8-AA27-4E79-98D5-9A75AE1AE1D7}"
EndProject
Project("{FAE04EC0-301F-11D3-BF4B-00C04F79EFBC}") = "Credit.UserWalletModels", "Models\Credit.UserWalletModels\Credit.UserWalletModels.csproj", "{2D19F5F7-2562-4DD1-9AAF-D4CBFA66C9D8}"
EndProject
Project("{FAE04EC0-301F-11D3-BF4B-00C04F79EFBC}") = "Credit.UserWalletServices", "Services\Credit.UserWalletServices\Credit.UserWalletServices.csproj", "{B2B2FADF-4BC5-4961-A3B2-EDF274BEC3FE}"
EndProject
Project("{FAE04EC0-301F-11D3-BF4B-00C04F79EFBC}") = "Credit.UserBankCardModels", "Models\Credit.UserBankCardModels\Credit.UserBankCardModels.csproj", "{668C9CAC-240C-4BB6-9CB3-B6C5C6B3CDF9}"
EndProject
Project("{FAE04EC0-301F-11D3-BF4B-00C04F79EFBC}") = "Credit.UserBankCardServices", "Services\Credit.UserBankCardServices\Credit.UserBankCardServices.csproj", "{873B1AE9-FB4E-4432-A82C-E207609610E9}"
EndProject
Project("{FAE04EC0-301F-11D3-BF4B-00C04F79EFBC}") = "Credit.ProductModels", "Models\Credit.ProductModels\Credit.ProductModels.csproj", "{5BF7BAF6-2F69-4101-ACF2-C3631FA0A319}"
EndProject
Project("{FAE04EC0-301F-11D3-BF4B-00C04F79EFBC}") = "Credit.ProductServices", "Services\Credit.ProductServices\Credit.ProductServices.csproj", "{C529126C-4DA6-423C-8B30-12EF6B7C4A53}"
EndProject
Project("{FAE04EC0-301F-11D3-BF4B-00C04F79EFBC}") = "Credit.OrderModels", "Models\Credit.OrderModels\Credit.OrderModels.csproj", "{9002E2BC-5E47-4012-A9AE-EAEE7400AEBF}"
EndProject
Project("{FAE04EC0-301F-11D3-BF4B-00C04F79EFBC}") = "Credit.OrderServices", "Services\Credit.OrderServices\Credit.OrderServices.csproj", "{3D522D13-9FBC-4C49-9E1B-7B3790FA8EB5}"
EndProject
Project("{FAE04EC0-301F-11D3-BF4B-00C04F79EFBC}") = "Credit.RepayServices", "Services\Credit.RepayServices\Credit.RepayServices.csproj", "{6358CABD-EC2C-40D1-AA78-65B661B6C488}"
EndProject
Project("{FAE04EC0-301F-11D3-BF4B-00C04F79EFBC}") = "Credit.IntegralModels", "Models\Credit.Integral\Credit.IntegralModels.csproj", "{F497DDF2-094D-48AE-8F27-220E0EE6A767}"
EndProject
Project("{FAE04EC0-301F-11D3-BF4B-00C04F79EFBC}") = "Credit.IntegralServices", "Services\Credit.IntegralServices\Credit.IntegralServices.csproj", "{D354084B-535C-4E30-AC05-E393463F7F26}"
EndProject
Global
	GlobalSection(SolutionConfigurationPlatforms) = preSolution
		Debug|Any CPU = Debug|Any CPU
		Release|Any CPU = Release|Any CPU
	EndGlobalSection
	GlobalSection(ProjectConfigurationPlatforms) = postSolution
		{299453DC-E607-4815-B4F2-47464461C479}.Debug|Any CPU.ActiveCfg = Debug|Any CPU
		{299453DC-E607-4815-B4F2-47464461C479}.Debug|Any CPU.Build.0 = Debug|Any CPU
		{299453DC-E607-4815-B4F2-47464461C479}.Release|Any CPU.ActiveCfg = Release|Any CPU
		{299453DC-E607-4815-B4F2-47464461C479}.Release|Any CPU.Build.0 = Release|Any CPU
		{540BA6BC-F6FC-4646-9F9C-E24156E050A4}.Debug|Any CPU.ActiveCfg = Debug|Any CPU
		{540BA6BC-F6FC-4646-9F9C-E24156E050A4}.Debug|Any CPU.Build.0 = Debug|Any CPU
		{540BA6BC-F6FC-4646-9F9C-E24156E050A4}.Release|Any CPU.ActiveCfg = Release|Any CPU
		{540BA6BC-F6FC-4646-9F9C-E24156E050A4}.Release|Any CPU.Build.0 = Release|Any CPU
		{95A6A395-3657-4AFB-B3E5-6A9834F9DAB5}.Debug|Any CPU.ActiveCfg = Debug|Any CPU
		{95A6A395-3657-4AFB-B3E5-6A9834F9DAB5}.Debug|Any CPU.Build.0 = Debug|Any CPU
		{95A6A395-3657-4AFB-B3E5-6A9834F9DAB5}.Release|Any CPU.ActiveCfg = Release|Any CPU
		{95A6A395-3657-4AFB-B3E5-6A9834F9DAB5}.Release|Any CPU.Build.0 = Release|Any CPU
		{3D789134-F128-4102-8EBC-C5514DF5AA06}.Debug|Any CPU.ActiveCfg = Debug|Any CPU
		{3D789134-F128-4102-8EBC-C5514DF5AA06}.Debug|Any CPU.Build.0 = Debug|Any CPU
		{3D789134-F128-4102-8EBC-C5514DF5AA06}.Release|Any CPU.ActiveCfg = Release|Any CPU
		{3D789134-F128-4102-8EBC-C5514DF5AA06}.Release|Any CPU.Build.0 = Release|Any CPU
		{CE755480-3F2A-4290-B851-34E7AE35B7A2}.Debug|Any CPU.ActiveCfg = Debug|Any CPU
		{CE755480-3F2A-4290-B851-34E7AE35B7A2}.Debug|Any CPU.Build.0 = Debug|Any CPU
		{CE755480-3F2A-4290-B851-34E7AE35B7A2}.Release|Any CPU.ActiveCfg = Release|Any CPU
		{CE755480-3F2A-4290-B851-34E7AE35B7A2}.Release|Any CPU.Build.0 = Release|Any CPU
		{94E62E16-583F-4E7F-B966-5F9B30BC9F50}.Debug|Any CPU.ActiveCfg = Debug|Any CPU
		{94E62E16-583F-4E7F-B966-5F9B30BC9F50}.Debug|Any CPU.Build.0 = Debug|Any CPU
		{94E62E16-583F-4E7F-B966-5F9B30BC9F50}.Release|Any CPU.ActiveCfg = Release|Any CPU
		{94E62E16-583F-4E7F-B966-5F9B30BC9F50}.Release|Any CPU.Build.0 = Release|Any CPU
		{CB906D20-00C4-4683-9291-E3E4F1A98246}.Debug|Any CPU.ActiveCfg = Debug|Any CPU
		{CB906D20-00C4-4683-9291-E3E4F1A98246}.Debug|Any CPU.Build.0 = Debug|Any CPU
		{CB906D20-00C4-4683-9291-E3E4F1A98246}.Release|Any CPU.ActiveCfg = Release|Any CPU
		{CB906D20-00C4-4683-9291-E3E4F1A98246}.Release|Any CPU.Build.0 = Release|Any CPU
		{1F7EE252-2EB8-4BFC-AA9C-3E8B93975D07}.Debug|Any CPU.ActiveCfg = Debug|Any CPU
		{1F7EE252-2EB8-4BFC-AA9C-3E8B93975D07}.Debug|Any CPU.Build.0 = Debug|Any CPU
		{1F7EE252-2EB8-4BFC-AA9C-3E8B93975D07}.Release|Any CPU.ActiveCfg = Release|Any CPU
		{1F7EE252-2EB8-4BFC-AA9C-3E8B93975D07}.Release|Any CPU.Build.0 = Release|Any CPU
		{2CDACF3B-8371-4BBB-94E5-80481F695E18}.Debug|Any CPU.ActiveCfg = Debug|Any CPU
		{2CDACF3B-8371-4BBB-94E5-80481F695E18}.Debug|Any CPU.Build.0 = Debug|Any CPU
		{2CDACF3B-8371-4BBB-94E5-80481F695E18}.Release|Any CPU.ActiveCfg = Release|Any CPU
		{2CDACF3B-8371-4BBB-94E5-80481F695E18}.Release|Any CPU.Build.0 = Release|Any CPU
		{13278EA7-21C6-4547-9E40-56AAAE739C8B}.Debug|Any CPU.ActiveCfg = Debug|Any CPU
		{13278EA7-21C6-4547-9E40-56AAAE739C8B}.Debug|Any CPU.Build.0 = Debug|Any CPU
		{13278EA7-21C6-4547-9E40-56AAAE739C8B}.Release|Any CPU.ActiveCfg = Release|Any CPU
		{13278EA7-21C6-4547-9E40-56AAAE739C8B}.Release|Any CPU.Build.0 = Release|Any CPU
		{70464718-A44C-4458-849E-0DF9BE22AF33}.Debug|Any CPU.ActiveCfg = Debug|Any CPU
		{70464718-A44C-4458-849E-0DF9BE22AF33}.Debug|Any CPU.Build.0 = Debug|Any CPU
		{70464718-A44C-4458-849E-0DF9BE22AF33}.Release|Any CPU.ActiveCfg = Release|Any CPU
		{70464718-A44C-4458-849E-0DF9BE22AF33}.Release|Any CPU.Build.0 = Release|Any CPU
		{C3A036D8-AA27-4E79-98D5-9A75AE1AE1D7}.Debug|Any CPU.ActiveCfg = Debug|Any CPU
		{C3A036D8-AA27-4E79-98D5-9A75AE1AE1D7}.Debug|Any CPU.Build.0 = Debug|Any CPU
		{C3A036D8-AA27-4E79-98D5-9A75AE1AE1D7}.Release|Any CPU.ActiveCfg = Release|Any CPU
		{C3A036D8-AA27-4E79-98D5-9A75AE1AE1D7}.Release|Any CPU.Build.0 = Release|Any CPU
		{2D19F5F7-2562-4DD1-9AAF-D4CBFA66C9D8}.Debug|Any CPU.ActiveCfg = Debug|Any CPU
		{2D19F5F7-2562-4DD1-9AAF-D4CBFA66C9D8}.Debug|Any CPU.Build.0 = Debug|Any CPU
		{2D19F5F7-2562-4DD1-9AAF-D4CBFA66C9D8}.Release|Any CPU.ActiveCfg = Release|Any CPU
		{2D19F5F7-2562-4DD1-9AAF-D4CBFA66C9D8}.Release|Any CPU.Build.0 = Release|Any CPU
		{B2B2FADF-4BC5-4961-A3B2-EDF274BEC3FE}.Debug|Any CPU.ActiveCfg = Debug|Any CPU
		{B2B2FADF-4BC5-4961-A3B2-EDF274BEC3FE}.Debug|Any CPU.Build.0 = Debug|Any CPU
		{B2B2FADF-4BC5-4961-A3B2-EDF274BEC3FE}.Release|Any CPU.ActiveCfg = Release|Any CPU
		{B2B2FADF-4BC5-4961-A3B2-EDF274BEC3FE}.Release|Any CPU.Build.0 = Release|Any CPU
		{668C9CAC-240C-4BB6-9CB3-B6C5C6B3CDF9}.Debug|Any CPU.ActiveCfg = Debug|Any CPU
		{668C9CAC-240C-4BB6-9CB3-B6C5C6B3CDF9}.Debug|Any CPU.Build.0 = Debug|Any CPU
		{668C9CAC-240C-4BB6-9CB3-B6C5C6B3CDF9}.Release|Any CPU.ActiveCfg = Release|Any CPU
		{668C9CAC-240C-4BB6-9CB3-B6C5C6B3CDF9}.Release|Any CPU.Build.0 = Release|Any CPU
		{873B1AE9-FB4E-4432-A82C-E207609610E9}.Debug|Any CPU.ActiveCfg = Debug|Any CPU
		{873B1AE9-FB4E-4432-A82C-E207609610E9}.Debug|Any CPU.Build.0 = Debug|Any CPU
		{873B1AE9-FB4E-4432-A82C-E207609610E9}.Release|Any CPU.ActiveCfg = Release|Any CPU
		{873B1AE9-FB4E-4432-A82C-E207609610E9}.Release|Any CPU.Build.0 = Release|Any CPU
		{5BF7BAF6-2F69-4101-ACF2-C3631FA0A319}.Debug|Any CPU.ActiveCfg = Debug|Any CPU
		{5BF7BAF6-2F69-4101-ACF2-C3631FA0A319}.Debug|Any CPU.Build.0 = Debug|Any CPU
		{5BF7BAF6-2F69-4101-ACF2-C3631FA0A319}.Release|Any CPU.ActiveCfg = Release|Any CPU
		{5BF7BAF6-2F69-4101-ACF2-C3631FA0A319}.Release|Any CPU.Build.0 = Release|Any CPU
		{C529126C-4DA6-423C-8B30-12EF6B7C4A53}.Debug|Any CPU.ActiveCfg = Debug|Any CPU
		{C529126C-4DA6-423C-8B30-12EF6B7C4A53}.Debug|Any CPU.Build.0 = Debug|Any CPU
		{C529126C-4DA6-423C-8B30-12EF6B7C4A53}.Release|Any CPU.ActiveCfg = Release|Any CPU
		{C529126C-4DA6-423C-8B30-12EF6B7C4A53}.Release|Any CPU.Build.0 = Release|Any CPU
		{9002E2BC-5E47-4012-A9AE-EAEE7400AEBF}.Debug|Any CPU.ActiveCfg = Debug|Any CPU
		{9002E2BC-5E47-4012-A9AE-EAEE7400AEBF}.Debug|Any CPU.Build.0 = Debug|Any CPU
		{9002E2BC-5E47-4012-A9AE-EAEE7400AEBF}.Release|Any CPU.ActiveCfg = Release|Any CPU
		{9002E2BC-5E47-4012-A9AE-EAEE7400AEBF}.Release|Any CPU.Build.0 = Release|Any CPU
		{3D522D13-9FBC-4C49-9E1B-7B3790FA8EB5}.Debug|Any CPU.ActiveCfg = Debug|Any CPU
		{3D522D13-9FBC-4C49-9E1B-7B3790FA8EB5}.Debug|Any CPU.Build.0 = Debug|Any CPU
		{3D522D13-9FBC-4C49-9E1B-7B3790FA8EB5}.Release|Any CPU.ActiveCfg = Release|Any CPU
		{3D522D13-9FBC-4C49-9E1B-7B3790FA8EB5}.Release|Any CPU.Build.0 = Release|Any CPU
		{6358CABD-EC2C-40D1-AA78-65B661B6C488}.Debug|Any CPU.ActiveCfg = Debug|Any CPU
		{6358CABD-EC2C-40D1-AA78-65B661B6C488}.Debug|Any CPU.Build.0 = Debug|Any CPU
		{6358CABD-EC2C-40D1-AA78-65B661B6C488}.Release|Any CPU.ActiveCfg = Release|Any CPU
		{6358CABD-EC2C-40D1-AA78-65B661B6C488}.Release|Any CPU.Build.0 = Release|Any CPU
		{F497DDF2-094D-48AE-8F27-220E0EE6A767}.Debug|Any CPU.ActiveCfg = Debug|Any CPU
		{F497DDF2-094D-48AE-8F27-220E0EE6A767}.Debug|Any CPU.Build.0 = Debug|Any CPU
		{F497DDF2-094D-48AE-8F27-220E0EE6A767}.Release|Any CPU.ActiveCfg = Release|Any CPU
		{F497DDF2-094D-48AE-8F27-220E0EE6A767}.Release|Any CPU.Build.0 = Release|Any CPU
		{D354084B-535C-4E30-AC05-E393463F7F26}.Debug|Any CPU.ActiveCfg = Debug|Any CPU
		{D354084B-535C-4E30-AC05-E393463F7F26}.Debug|Any CPU.Build.0 = Debug|Any CPU
		{D354084B-535C-4E30-AC05-E393463F7F26}.Release|Any CPU.ActiveCfg = Release|Any CPU
		{D354084B-535C-4E30-AC05-E393463F7F26}.Release|Any CPU.Build.0 = Release|Any CPU
	EndGlobalSection
	GlobalSection(SolutionProperties) = preSolution
		HideSolutionNode = FALSE
	EndGlobalSection
	GlobalSection(NestedProjects) = preSolution
		{299453DC-E607-4815-B4F2-47464461C479} = {3CB80A2A-AFCA-4793-BF68-DD77C8F24D44}
		{540BA6BC-F6FC-4646-9F9C-E24156E050A4} = {3CB80A2A-AFCA-4793-BF68-DD77C8F24D44}
		{95A6A395-3657-4AFB-B3E5-6A9834F9DAB5} = {CE159541-6753-4927-8909-6161E8E9F7C5}
		{3D789134-F128-4102-8EBC-C5514DF5AA06} = {AD38372F-7AFB-4F7A-BC6E-042A321B8EA8}
		{94E62E16-583F-4E7F-B966-5F9B30BC9F50} = {3CB80A2A-AFCA-4793-BF68-DD77C8F24D44}
		{CB906D20-00C4-4683-9291-E3E4F1A98246} = {3CB80A2A-AFCA-4793-BF68-DD77C8F24D44}
		{1F7EE252-2EB8-4BFC-AA9C-3E8B93975D07} = {CE159541-6753-4927-8909-6161E8E9F7C5}
		{2CDACF3B-8371-4BBB-94E5-80481F695E18} = {CE159541-6753-4927-8909-6161E8E9F7C5}
		{13278EA7-21C6-4547-9E40-56AAAE739C8B} = {CE159541-6753-4927-8909-6161E8E9F7C5}
		{70464718-A44C-4458-849E-0DF9BE22AF33} = {AD38372F-7AFB-4F7A-BC6E-042A321B8EA8}
		{C3A036D8-AA27-4E79-98D5-9A75AE1AE1D7} = {AD38372F-7AFB-4F7A-BC6E-042A321B8EA8}
		{2D19F5F7-2562-4DD1-9AAF-D4CBFA66C9D8} = {CE159541-6753-4927-8909-6161E8E9F7C5}
		{B2B2FADF-4BC5-4961-A3B2-EDF274BEC3FE} = {AD38372F-7AFB-4F7A-BC6E-042A321B8EA8}
		{668C9CAC-240C-4BB6-9CB3-B6C5C6B3CDF9} = {CE159541-6753-4927-8909-6161E8E9F7C5}
		{873B1AE9-FB4E-4432-A82C-E207609610E9} = {AD38372F-7AFB-4F7A-BC6E-042A321B8EA8}
		{5BF7BAF6-2F69-4101-ACF2-C3631FA0A319} = {CE159541-6753-4927-8909-6161E8E9F7C5}
		{C529126C-4DA6-423C-8B30-12EF6B7C4A53} = {AD38372F-7AFB-4F7A-BC6E-042A321B8EA8}
		{9002E2BC-5E47-4012-A9AE-EAEE7400AEBF} = {CE159541-6753-4927-8909-6161E8E9F7C5}
		{3D522D13-9FBC-4C49-9E1B-7B3790FA8EB5} = {AD38372F-7AFB-4F7A-BC6E-042A321B8EA8}
		{6358CABD-EC2C-40D1-AA78-65B661B6C488} = {AD38372F-7AFB-4F7A-BC6E-042A321B8EA8}
		{F497DDF2-094D-48AE-8F27-220E0EE6A767} = {CE159541-6753-4927-8909-6161E8E9F7C5}
		{D354084B-535C-4E30-AC05-E393463F7F26} = {AD38372F-7AFB-4F7A-BC6E-042A321B8EA8}
	EndGlobalSection
	GlobalSection(ExtensibilityGlobals) = postSolution
		SolutionGuid = {C3532953-9A99-4976-8D3B-355D741B2207}
	EndGlobalSection
EndGlobal
